
Microsoft Visual Studio Solution File, Format Version 12.00
# Visual Studio Version 16
VisualStudioVersion = 16.0.29418.71
MinimumVisualStudioVersion = 10.0.40219.1
Project("{FAE04EC0-301F-11D3-BF4B-00C04F79EFBC}") = "proiectNoSQL", "proiectNoSQL\proiectNoSQL.csproj", "{9B10B315-3806-4F44-B09C-7CBC5FE60998}"
EndProject
Global
	GlobalSection(SolutionConfigurationPlatforms) = preSolution
		Debug|Any CPU = Debug|Any CPU
		Release|Any CPU = Release|Any CPU
	EndGlobalSection
	GlobalSection(ProjectConfigurationPlatforms) = postSolution
		{9B10B315-3806-4F44-B09C-7CBC5FE60998}.Debug|Any CPU.ActiveCfg = Debug|Any CPU
		{9B10B315-3806-4F44-B09C-7CBC5FE60998}.Debug|Any CPU.Build.0 = Debug|Any CPU
		{9B10B315-3806-4F44-B09C-7CBC5FE60998}.Release|Any CPU.ActiveCfg = Release|Any CPU
		{9B10B315-3806-4F44-B09C-7CBC5FE60998}.Release|Any CPU.Build.0 = Release|Any CPU
	EndGlobalSection
	GlobalSection(SolutionProperties) = preSolution
		HideSolutionNode = FALSE
	EndGlobalSection
	GlobalSection(ExtensibilityGlobals) = postSolution
		SolutionGuid = {7ABB5C33-3734-4235-A60B-04F5D2C18377}
	EndGlobalSection
EndGlobal
